
Microsoft Visual Studio Solution File, Format Version 12.00
# Visual Studio Version 17
VisualStudioVersion = 17.7.34018.315
MinimumVisualStudioVersion = 10.0.40219.1
Project("{FAE04EC0-301F-11D3-BF4B-00C04F79EFBC}") = "CardPicker", "CardPicker\CardPicker.csproj", "{052A4C16-99B2-4B75-93D7-5DBB98C09084}"
EndProject
Global
	GlobalSection(SolutionConfigurationPlatforms) = preSolution
		Debug|Any CPU = Debug|Any CPU
		Release|Any CPU = Release|Any CPU
	EndGlobalSection
	GlobalSection(ProjectConfigurationPlatforms) = postSolution
		{052A4C16-99B2-4B75-93D7-5DBB98C09084}.Debug|Any CPU.ActiveCfg = Debug|Any CPU
		{052A4C16-99B2-4B75-93D7-5DBB98C09084}.Debug|Any CPU.Build.0 = Debug|Any CPU
		{052A4C16-99B2-4B75-93D7-5DBB98C09084}.Release|Any CPU.ActiveCfg = Release|Any CPU
		{052A4C16-99B2-4B75-93D7-5DBB98C09084}.Release|Any CPU.Build.0 = Release|Any CPU
	EndGlobalSection
	GlobalSection(SolutionProperties) = preSolution
		HideSolutionNode = FALSE
	EndGlobalSection
	GlobalSection(ExtensibilityGlobals) = postSolution
		SolutionGuid = {AFCC38D5-F2AA-48A2-BD60-625ADD73AC27}
	EndGlobalSection
EndGlobal
